
Microsoft Visual Studio Solution File, Format Version 12.00
# Visual Studio Version 16
VisualStudioVersion = 16.0.29503.13
MinimumVisualStudioVersion = 10.0.40219.1
Project("{FAE04EC0-301F-11D3-BF4B-00C04F79EFBC}") = "ToastNotification", "ToastNotification.csproj", "{1933107A-DF27-4C69-8D2E-5BD26AF8A707}"
EndProject
Project("{2150E333-8FDC-42A3-9474-1A3956D46DE8}") = "Sample", "Sample", "{D8BF5278-04DD-45E6-A33E-6C27371CFB25}"
EndProject
Project("{2150E333-8FDC-42A3-9474-1A3956D46DE8}") = "Code", "Code", "{2628EE04-BA7B-44DD-9E88-B001139232DB}"
EndProject
Project("{FAE04EC0-301F-11D3-BF4B-00C04F79EFBC}") = "ToastNotification_Demo", "..\ToastNotification_Demo\ToastNotification_Demo.csproj", "{168B0316-5FB1-4408-AA0F-C17241976646}"
EndProject
Global
	GlobalSection(SolutionConfigurationPlatforms) = preSolution
		Debug|Any CPU = Debug|Any CPU
		Release|Any CPU = Release|Any CPU
	EndGlobalSection
	GlobalSection(ProjectConfigurationPlatforms) = postSolution
		{1933107A-DF27-4C69-8D2E-5BD26AF8A707}.Debug|Any CPU.ActiveCfg = Debug|Any CPU
		{1933107A-DF27-4C69-8D2E-5BD26AF8A707}.Debug|Any CPU.Build.0 = Debug|Any CPU
		{1933107A-DF27-4C69-8D2E-5BD26AF8A707}.Release|Any CPU.ActiveCfg = Release|Any CPU
		{1933107A-DF27-4C69-8D2E-5BD26AF8A707}.Release|Any CPU.Build.0 = Release|Any CPU
		{168B0316-5FB1-4408-AA0F-C17241976646}.Debug|Any CPU.ActiveCfg = Debug|Any CPU
		{168B0316-5FB1-4408-AA0F-C17241976646}.Debug|Any CPU.Build.0 = Debug|Any CPU
		{168B0316-5FB1-4408-AA0F-C17241976646}.Release|Any CPU.ActiveCfg = Release|Any CPU
		{168B0316-5FB1-4408-AA0F-C17241976646}.Release|Any CPU.Build.0 = Release|Any CPU
	EndGlobalSection
	GlobalSection(SolutionProperties) = preSolution
		HideSolutionNode = FALSE
	EndGlobalSection
	GlobalSection(NestedProjects) = preSolution
		{1933107A-DF27-4C69-8D2E-5BD26AF8A707} = {2628EE04-BA7B-44DD-9E88-B001139232DB}
		{168B0316-5FB1-4408-AA0F-C17241976646} = {D8BF5278-04DD-45E6-A33E-6C27371CFB25}
	EndGlobalSection
	GlobalSection(ExtensibilityGlobals) = postSolution
		SolutionGuid = {D4D896B4-014F-4798-984A-2961E14630FF}
	EndGlobalSection
EndGlobal
